
Microsoft Visual Studio Solution File, Format Version 12.00
# Visual Studio Version 16
VisualStudioVersion = 16.0.31624.102
MinimumVisualStudioVersion = 10.0.40219.1
Project("{2150E333-8FDC-42A3-9474-1A3956D46DE8}") = "WebUI", "WebUI", "{2ACCC4BE-D758-4734-878D-AC2BCFA0A6FD}"
EndProject
Project("{9A19103F-16F7-4668-BE54-9A1E7A4F7556}") = "YoutubeDersleri.WebUI.Site", "WebUI\YoutubeDersleri.WebUI.Site\YoutubeDersleri.WebUI.Site.csproj", "{D3398FE8-6425-463F-833E-F1E2892992E1}"
EndProject
Project("{9A19103F-16F7-4668-BE54-9A1E7A4F7556}") = "YoutubeDersleri.Model", "YoutubeDersleri.Model\YoutubeDersleri.Model.csproj", "{3E2A501E-43E2-48B1-A6B8-8DDE253A83E3}"
EndProject
Project("{9A19103F-16F7-4668-BE54-9A1E7A4F7556}") = "YoutubeDersleri.Data", "YoutubeDersleri.Data\YoutubeDersleri.Data.csproj", "{7DE75BDC-CC01-41F0-B1CA-ADF87242EDAD}"
EndProject
Project("{9A19103F-16F7-4668-BE54-9A1E7A4F7556}") = "YoutubeDersleri.WebUI.Infrastructure", "WebUI\YoutubeDersleri.WebUI.Infrastructure\YoutubeDersleri.WebUI.Infrastructure.csproj", "{A04EA55B-283F-424C-983C-C2A4C2B5C78D}"
EndProject
Project("{9A19103F-16F7-4668-BE54-9A1E7A4F7556}") = "YoutubeDersleri.WebUI.Management", "WebUI\YoutubeDersleri.WebUI.Management\YoutubeDersleri.WebUI.Management.csproj", "{8754374E-5603-4949-80A3-97CB33E2DDA1}"
EndProject
Project("{2150E333-8FDC-42A3-9474-1A3956D46DE8}") = "Infrastructure", "Infrastructure", "{16DF48A3-A68C-4F62-9419-D7E4F82F6774}"
EndProject
Project("{2150E333-8FDC-42A3-9474-1A3956D46DE8}") = "Caching", "Caching", "{38F33192-6E36-4545-9886-CAA05739F127}"
EndProject
Project("{9A19103F-16F7-4668-BE54-9A1E7A4F7556}") = "YoutubeDersleri.Infrastructure.Caching.Memory", "Infrastructure\Caching\YoutubeDersleri.Infrastructure.Caching.Memory\YoutubeDersleri.Infrastructure.Caching.Memory.csproj", "{56E380E3-83EE-4F04-AB00-CEC2A412AE69}"
EndProject
Project("{2150E333-8FDC-42A3-9474-1A3956D46DE8}") = "Extensions", "Extensions", "{9874FEAE-DDC6-40B5-A3AB-97715854264A}"
EndProject
Project("{9A19103F-16F7-4668-BE54-9A1E7A4F7556}") = "YoutubeDersleri.Extensions.MediaHelper", "Extensions\YoutubeDersleri.Extensions.MediaHelper\YoutubeDersleri.Extensions.MediaHelper.csproj", "{BB2A05E0-65B3-4A96-826A-5373C12AA69E}"
EndProject
Project("{2150E333-8FDC-42A3-9474-1A3956D46DE8}") = "Tools", "Tools", "{8471440B-A00E-4C2A-BE7C-B0388FECA137}"
EndProject
Project("{FAE04EC0-301F-11D3-BF4B-00C04F79EFBC}") = "YoutubeDersleri.Tools.SearchConsole", "Tools\YoutubeDersleri.Tools.SearchConsole\YoutubeDersleri.Tools.SearchConsole.csproj", "{EEEBA338-DF45-4445-AD87-70F71EF4B33C}"
EndProject
Global
	GlobalSection(SolutionConfigurationPlatforms) = preSolution
		Debug|Any CPU = Debug|Any CPU
		Release|Any CPU = Release|Any CPU
	EndGlobalSection
	GlobalSection(ProjectConfigurationPlatforms) = postSolution
		{D3398FE8-6425-463F-833E-F1E2892992E1}.Debug|Any CPU.ActiveCfg = Debug|Any CPU
		{D3398FE8-6425-463F-833E-F1E2892992E1}.Debug|Any CPU.Build.0 = Debug|Any CPU
		{D3398FE8-6425-463F-833E-F1E2892992E1}.Release|Any CPU.ActiveCfg = Release|Any CPU
		{D3398FE8-6425-463F-833E-F1E2892992E1}.Release|Any CPU.Build.0 = Release|Any CPU
		{3E2A501E-43E2-48B1-A6B8-8DDE253A83E3}.Debug|Any CPU.ActiveCfg = Debug|Any CPU
		{3E2A501E-43E2-48B1-A6B8-8DDE253A83E3}.Debug|Any CPU.Build.0 = Debug|Any CPU
		{3E2A501E-43E2-48B1-A6B8-8DDE253A83E3}.Release|Any CPU.ActiveCfg = Release|Any CPU
		{3E2A501E-43E2-48B1-A6B8-8DDE253A83E3}.Release|Any CPU.Build.0 = Release|Any CPU
		{7DE75BDC-CC01-41F0-B1CA-ADF87242EDAD}.Debug|Any CPU.ActiveCfg = Debug|Any CPU
		{7DE75BDC-CC01-41F0-B1CA-ADF87242EDAD}.Debug|Any CPU.Build.0 = Debug|Any CPU
		{7DE75BDC-CC01-41F0-B1CA-ADF87242EDAD}.Release|Any CPU.ActiveCfg = Release|Any CPU
		{7DE75BDC-CC01-41F0-B1CA-ADF87242EDAD}.Release|Any CPU.Build.0 = Release|Any CPU
		{A04EA55B-283F-424C-983C-C2A4C2B5C78D}.Debug|Any CPU.ActiveCfg = Debug|Any CPU
		{A04EA55B-283F-424C-983C-C2A4C2B5C78D}.Debug|Any CPU.Build.0 = Debug|Any CPU
		{A04EA55B-283F-424C-983C-C2A4C2B5C78D}.Release|Any CPU.ActiveCfg = Release|Any CPU
		{A04EA55B-283F-424C-983C-C2A4C2B5C78D}.Release|Any CPU.Build.0 = Release|Any CPU
		{8754374E-5603-4949-80A3-97CB33E2DDA1}.Debug|Any CPU.ActiveCfg = Debug|Any CPU
		{8754374E-5603-4949-80A3-97CB33E2DDA1}.Debug|Any CPU.Build.0 = Debug|Any CPU
		{8754374E-5603-4949-80A3-97CB33E2DDA1}.Release|Any CPU.ActiveCfg = Release|Any CPU
		{8754374E-5603-4949-80A3-97CB33E2DDA1}.Release|Any CPU.Build.0 = Release|Any CPU
		{56E380E3-83EE-4F04-AB00-CEC2A412AE69}.Debug|Any CPU.ActiveCfg = Debug|Any CPU
		{56E380E3-83EE-4F04-AB00-CEC2A412AE69}.Debug|Any CPU.Build.0 = Debug|Any CPU
		{56E380E3-83EE-4F04-AB00-CEC2A412AE69}.Release|Any CPU.ActiveCfg = Release|Any CPU
		{56E380E3-83EE-4F04-AB00-CEC2A412AE69}.Release|Any CPU.Build.0 = Release|Any CPU
		{BB2A05E0-65B3-4A96-826A-5373C12AA69E}.Debug|Any CPU.ActiveCfg = Debug|Any CPU
		{BB2A05E0-65B3-4A96-826A-5373C12AA69E}.Debug|Any CPU.Build.0 = Debug|Any CPU
		{BB2A05E0-65B3-4A96-826A-5373C12AA69E}.Release|Any CPU.ActiveCfg = Release|Any CPU
		{BB2A05E0-65B3-4A96-826A-5373C12AA69E}.Release|Any CPU.Build.0 = Release|Any CPU
		{EEEBA338-DF45-4445-AD87-70F71EF4B33C}.Debug|Any CPU.ActiveCfg = Debug|Any CPU
		{EEEBA338-DF45-4445-AD87-70F71EF4B33C}.Debug|Any CPU.Build.0 = Debug|Any CPU
		{EEEBA338-DF45-4445-AD87-70F71EF4B33C}.Release|Any CPU.ActiveCfg = Release|Any CPU
		{EEEBA338-DF45-4445-AD87-70F71EF4B33C}.Release|Any CPU.Build.0 = Release|Any CPU
	EndGlobalSection
	GlobalSection(SolutionProperties) = preSolution
		HideSolutionNode = FALSE
	EndGlobalSection
	GlobalSection(NestedProjects) = preSolution
		{D3398FE8-6425-463F-833E-F1E2892992E1} = {2ACCC4BE-D758-4734-878D-AC2BCFA0A6FD}
		{A04EA55B-283F-424C-983C-C2A4C2B5C78D} = {2ACCC4BE-D758-4734-878D-AC2BCFA0A6FD}
		{8754374E-5603-4949-80A3-97CB33E2DDA1} = {2ACCC4BE-D758-4734-878D-AC2BCFA0A6FD}
		{38F33192-6E36-4545-9886-CAA05739F127} = {16DF48A3-A68C-4F62-9419-D7E4F82F6774}
		{56E380E3-83EE-4F04-AB00-CEC2A412AE69} = {38F33192-6E36-4545-9886-CAA05739F127}
		{BB2A05E0-65B3-4A96-826A-5373C12AA69E} = {9874FEAE-DDC6-40B5-A3AB-97715854264A}
		{EEEBA338-DF45-4445-AD87-70F71EF4B33C} = {8471440B-A00E-4C2A-BE7C-B0388FECA137}
	EndGlobalSection
	GlobalSection(ExtensibilityGlobals) = postSolution
		SolutionGuid = {AA047C32-1EAF-4E15-B233-278C91F6150E}
	EndGlobalSection
EndGlobal
